
Microsoft Visual Studio Solution File, Format Version 12.00
# Visual Studio Version 17
VisualStudioVersion = 17.0.31903.59
MinimumVisualStudioVersion = 10.0.40219.1
Project("{FAE04EC0-301F-11D3-BF4B-00C04F79EFBC}") = "SbcSharp", "SbcSharp\SbcSharp.csproj", "{155B8CE5-4198-4AB8-AB16-CD01345B7A2F}"
EndProject
Project("{FAE04EC0-301F-11D3-BF4B-00C04F79EFBC}") = "SbcSharp.Tests", "SbcSharp.Tests\SbcSharp.Tests.csproj", "{571E84A9-F5EF-49B8-A008-0AA5C0118E55}"
EndProject
Project("{FAE04EC0-301F-11D3-BF4B-00C04F79EFBC}") = "SbcSharp.Example", "SbcSharp.Example\SbcSharp.Example.csproj", "{D2D4884D-192F-43F1-8E5F-354BA62B1F91}"
EndProject
Global
	GlobalSection(SolutionConfigurationPlatforms) = preSolution
		Debug|Any CPU = Debug|Any CPU
		Debug|x64 = Debug|x64
		Debug|x86 = Debug|x86
		Release|Any CPU = Release|Any CPU
		Release|x64 = Release|x64
		Release|x86 = Release|x86
	EndGlobalSection
	GlobalSection(ProjectConfigurationPlatforms) = postSolution
		{155B8CE5-4198-4AB8-AB16-CD01345B7A2F}.Debug|Any CPU.ActiveCfg = Debug|Any CPU
		{155B8CE5-4198-4AB8-AB16-CD01345B7A2F}.Debug|Any CPU.Build.0 = Debug|Any CPU
		{155B8CE5-4198-4AB8-AB16-CD01345B7A2F}.Debug|x64.ActiveCfg = Debug|Any CPU
		{155B8CE5-4198-4AB8-AB16-CD01345B7A2F}.Debug|x64.Build.0 = Debug|Any CPU
		{155B8CE5-4198-4AB8-AB16-CD01345B7A2F}.Debug|x86.ActiveCfg = Debug|Any CPU
		{155B8CE5-4198-4AB8-AB16-CD01345B7A2F}.Debug|x86.Build.0 = Debug|Any CPU
		{155B8CE5-4198-4AB8-AB16-CD01345B7A2F}.Release|Any CPU.ActiveCfg = Release|Any CPU
		{155B8CE5-4198-4AB8-AB16-CD01345B7A2F}.Release|Any CPU.Build.0 = Release|Any CPU
		{155B8CE5-4198-4AB8-AB16-CD01345B7A2F}.Release|x64.ActiveCfg = Release|Any CPU
		{155B8CE5-4198-4AB8-AB16-CD01345B7A2F}.Release|x64.Build.0 = Release|Any CPU
		{155B8CE5-4198-4AB8-AB16-CD01345B7A2F}.Release|x86.ActiveCfg = Release|Any CPU
		{155B8CE5-4198-4AB8-AB16-CD01345B7A2F}.Release|x86.Build.0 = Release|Any CPU
		{571E84A9-F5EF-49B8-A008-0AA5C0118E55}.Debug|Any CPU.ActiveCfg = Debug|Any CPU
		{571E84A9-F5EF-49B8-A008-0AA5C0118E55}.Debug|Any CPU.Build.0 = Debug|Any CPU
		{571E84A9-F5EF-49B8-A008-0AA5C0118E55}.Debug|x64.ActiveCfg = Debug|Any CPU
		{571E84A9-F5EF-49B8-A008-0AA5C0118E55}.Debug|x64.Build.0 = Debug|Any CPU
		{571E84A9-F5EF-49B8-A008-0AA5C0118E55}.Debug|x86.ActiveCfg = Debug|Any CPU
		{571E84A9-F5EF-49B8-A008-0AA5C0118E55}.Debug|x86.Build.0 = Debug|Any CPU
		{571E84A9-F5EF-49B8-A008-0AA5C0118E55}.Release|Any CPU.ActiveCfg = Release|Any CPU
		{571E84A9-F5EF-49B8-A008-0AA5C0118E55}.Release|Any CPU.Build.0 = Release|Any CPU
		{571E84A9-F5EF-49B8-A008-0AA5C0118E55}.Release|x64.ActiveCfg = Release|Any CPU
		{571E84A9-F5EF-49B8-A008-0AA5C0118E55}.Release|x64.Build.0 = Release|Any CPU
		{571E84A9-F5EF-49B8-A008-0AA5C0118E55}.Release|x86.ActiveCfg = Release|Any CPU
		{571E84A9-F5EF-49B8-A008-0AA5C0118E55}.Release|x86.Build.0 = Release|Any CPU
		{D2D4884D-192F-43F1-8E5F-354BA62B1F91}.Debug|Any CPU.ActiveCfg = Debug|Any CPU
		{D2D4884D-192F-43F1-8E5F-354BA62B1F91}.Debug|Any CPU.Build.0 = Debug|Any CPU
		{D2D4884D-192F-43F1-8E5F-354BA62B1F91}.Debug|x64.ActiveCfg = Debug|Any CPU
		{D2D4884D-192F-43F1-8E5F-354BA62B1F91}.Debug|x64.Build.0 = Debug|Any CPU
		{D2D4884D-192F-43F1-8E5F-354BA62B1F91}.Debug|x86.ActiveCfg = Debug|Any CPU
		{D2D4884D-192F-43F1-8E5F-354BA62B1F91}.Debug|x86.Build.0 = Debug|Any CPU
		{D2D4884D-192F-43F1-8E5F-354BA62B1F91}.Release|Any CPU.ActiveCfg = Release|Any CPU
		{D2D4884D-192F-43F1-8E5F-354BA62B1F91}.Release|Any CPU.Build.0 = Release|Any CPU
		{D2D4884D-192F-43F1-8E5F-354BA62B1F91}.Release|x64.ActiveCfg = Release|Any CPU
		{D2D4884D-192F-43F1-8E5F-354BA62B1F91}.Release|x64.Build.0 = Release|Any CPU
		{D2D4884D-192F-43F1-8E5F-354BA62B1F91}.Release|x86.ActiveCfg = Release|Any CPU
		{D2D4884D-192F-43F1-8E5F-354BA62B1F91}.Release|x86.Build.0 = Release|Any CPU
	EndGlobalSection
	GlobalSection(SolutionProperties) = preSolution
		HideSolutionNode = FALSE
	EndGlobalSection
EndGlobal
